// !$*UTF8*$!
{
	archiveVersion = 1;
	classes = {
	};
	objectVersion = 50;
	objects = {

/* Begin PBXBuildFile section */
		5C163AA22686C0DC008C6D14 /* CoffeeBreakAppApp.swift in Sources */ = {isa = PBXBuildFile; fileRef = 5C163AA12686C0DC008C6D14 /* CoffeeBreakAppApp.swift */; };
		5C163AA62686C0DD008C6D14 /* Assets.xcassets in Resources */ = {isa = PBXBuildFile; fileRef = 5C163AA52686C0DD008C6D14 /* Assets.xcassets */; };
		5C163AA92686C0DD008C6D14 /* Preview Assets.xcassets in Resources */ = {isa = PBXBuildFile; fileRef = 5C163AA82686C0DD008C6D14 /* Preview Assets.xcassets */; };
		5C163ABD2686C190008C6D14 /* Authentication.swift in Sources */ = {isa = PBXBuildFile; fileRef = 5C163AB12686C190008C6D14 /* Authentication.swift */; };
		5C163ABF2686C190008C6D14 /* Credentials.swift in Sources */ = {isa = PBXBuildFile; fileRef = 5C163AB42686C190008C6D14 /* Credentials.swift */; };
		5C163AC02686C190008C6D14 /* LoginViewModel.swift in Sources */ = {isa = PBXBuildFile; fileRef = 5C163AB62686C190008C6D14 /* LoginViewModel.swift */; };
		5C163AC12686C190008C6D14 /* LoginView.swift in Sources */ = {isa = PBXBuildFile; fileRef = 5C163AB72686C190008C6D14 /* LoginView.swift */; };
		5C163AC32686C190008C6D14 /* SignUpView.swift in Sources */ = {isa = PBXBuildFile; fileRef = 5C163AB92686C190008C6D14 /* SignUpView.swift */; };
		5C163AC42686C190008C6D14 /* APIService.swift in Sources */ = {isa = PBXBuildFile; fileRef = 5C163ABB2686C190008C6D14 /* APIService.swift */; };
		5C163AC52686C190008C6D14 /* Extension.swift in Sources */ = {isa = PBXBuildFile; fileRef = 5C163ABC2686C190008C6D14 /* Extension.swift */; };
		5C163B412686C51B008C6D14 /* MeTabView.swift in Sources */ = {isa = PBXBuildFile; fileRef = 5C163B222686C51B008C6D14 /* MeTabView.swift */; };
		5C163B442686C51B008C6D14 /* ViewOrder.swift in Sources */ = {isa = PBXBuildFile; fileRef = 5C163B282686C51B008C6D14 /* ViewOrder.swift */; };
		5C163B452686C51B008C6D14 /* CreateOrder.swift in Sources */ = {isa = PBXBuildFile; fileRef = 5C163B292686C51B008C6D14 /* CreateOrder.swift */; };
		5C163B462686C51B008C6D14 /* ActiveOrder.swift in Sources */ = {isa = PBXBuildFile; fileRef = 5C163B2A2686C51B008C6D14 /* ActiveOrder.swift */; };
		5C163B472686C51B008C6D14 /* LandmarkAnnotation.swift in Sources */ = {isa = PBXBuildFile; fileRef = 5C163B2D2686C51B008C6D14 /* LandmarkAnnotation.swift */; };
		5C163B482686C51B008C6D14 /* Landmark.swift in Sources */ = {isa = PBXBuildFile; fileRef = 5C163B2E2686C51B008C6D14 /* Landmark.swift */; };
		5C163B492686C51B008C6D14 /* PlaceListView.swift in Sources */ = {isa = PBXBuildFile; fileRef = 5C163B2F2686C51B008C6D14 /* PlaceListView.swift */; };
		5C163B4A2686C51B008C6D14 /* MapView.swift in Sources */ = {isa = PBXBuildFile; fileRef = 5C163B302686C51B008C6D14 /* MapView.swift */; };
		5C163B4B2686C51B008C6D14 /* LocationManager.swift in Sources */ = {isa = PBXBuildFile; fileRef = 5C163B322686C51B008C6D14 /* LocationManager.swift */; };
		5C163B4C2686C51B008C6D14 /* MapUserView.swift in Sources */ = {isa = PBXBuildFile; fileRef = 5C163B332686C51B008C6D14 /* MapUserView.swift */; };
		5C163B4D2686C51B008C6D14 /* InactiveOrder.swift in Sources */ = {isa = PBXBuildFile; fileRef = 5C163B342686C51B008C6D14 /* InactiveOrder.swift */; };
		5C163B4E2686C51B008C6D14 /* GroupOrderMain.swift in Sources */ = {isa = PBXBuildFile; fileRef = 5C163B352686C51B008C6D14 /* GroupOrderMain.swift */; };
		5C163B4F2686C51B008C6D14 /* MyCoffeeTabView.swift in Sources */ = {isa = PBXBuildFile; fileRef = 5C163B382686C51B008C6D14 /* MyCoffeeTabView.swift */; };
		5C163B502686C51B008C6D14 /* listOfCoffeeSection.swift in Sources */ = {isa = PBXBuildFile; fileRef = 5C163B392686C51B008C6D14 /* listOfCoffeeSection.swift */; };
		5C163B512686C51B008C6D14 /* CreateNewDrinkBtnSection.swift in Sources */ = {isa = PBXBuildFile; fileRef = 5C163B3A2686C51B008C6D14 /* CreateNewDrinkBtnSection.swift */; };
		5C163B522686C51B008C6D14 /* MainView.swift in Sources */ = {isa = PBXBuildFile; fileRef = 5C163B3B2686C51B008C6D14 /* MainView.swift */; };
		5C163B532686C51B008C6D14 /* FriendRecentDrinkHScroll.swift in Sources */ = {isa = PBXBuildFile; fileRef = 5C163B3C2686C51B008C6D14 /* FriendRecentDrinkHScroll.swift */; };
		5C163B552686C61A008C6D14 /* DataModel.swift in Sources */ = {isa = PBXBuildFile; fileRef = 5C163B542686C61A008C6D14 /* DataModel.swift */; };
		5C163B5A2686C69C008C6D14 /* Models.swift in Sources */ = {isa = PBXBuildFile; fileRef = 5C163B582686C69C008C6D14 /* Models.swift */; };
		5C163B5E268819CB008C6D14 /* SecureLevelView.swift in Sources */ = {isa = PBXBuildFile; fileRef = 5C163B5D268819CB008C6D14 /* SecureLevelView.swift */; };
		5C163B61268832D2008C6D14 /* DetailsView.swift in Sources */ = {isa = PBXBuildFile; fileRef = 5C163B60268832D2008C6D14 /* DetailsView.swift */; };
		5C163B63268835F2008C6D14 /* ExtraDetailView.swift in Sources */ = {isa = PBXBuildFile; fileRef = 5C163B62268835F2008C6D14 /* ExtraDetailView.swift */; };
		5C163B65268919E7008C6D14 /* NavigationBarModifier.swift in Sources */ = {isa = PBXBuildFile; fileRef = 5C163B64268919E7008C6D14 /* NavigationBarModifier.swift */; };
		5C163B68268930BF008C6D14 /* AddDrinkOrder.swift in Sources */ = {isa = PBXBuildFile; fileRef = 5C163B67268930BF008C6D14 /* AddDrinkOrder.swift */; };
		5C3E7135268D385400D07AA0 /* AddMembers.swift in Sources */ = {isa = PBXBuildFile; fileRef = 5C3E7134268D385400D07AA0 /* AddMembers.swift */; };
		CD2074ED26940389008223D0 /* Friending.swift in Sources */ = {isa = PBXBuildFile; fileRef = CD2074EC26940389008223D0 /* Friending.swift */; };
		CD2074EF269403DB008223D0 /* FriendProfileView.swift in Sources */ = {isa = PBXBuildFile; fileRef = CD2074EE269403DB008223D0 /* FriendProfileView.swift */; };
		CD2074F126940415008223D0 /* profile.swift in Sources */ = {isa = PBXBuildFile; fileRef = CD2074F026940415008223D0 /* profile.swift */; };
		CD2074F326940443008223D0 /* FriendRowView.swift in Sources */ = {isa = PBXBuildFile; fileRef = CD2074F226940443008223D0 /* FriendRowView.swift */; };
		CD2074F526940464008223D0 /* Home.swift in Sources */ = {isa = PBXBuildFile; fileRef = CD2074F426940464008223D0 /* Home.swift */; };
		CD2074F7269404A9008223D0 /* CustomScrollViewApp.swift in Sources */ = {isa = PBXBuildFile; fileRef = CD2074F6269404A9008223D0 /* CustomScrollViewApp.swift */; };
		CD2074F9269404CE008223D0 /* FriendContentView.swift in Sources */ = {isa = PBXBuildFile; fileRef = CD2074F8269404CE008223D0 /* FriendContentView.swift */; };
/* End PBXBuildFile section */

/* Begin PBXFileReference section */
		5C163A9E2686C0DC008C6D14 /* CoffeeBreakApp.app */ = {isa = PBXFileReference; explicitFileType = wrapper.application; includeInIndex = 0; path = CoffeeBreakApp.app; sourceTree = BUILT_PRODUCTS_DIR; };
		5C163AA12686C0DC008C6D14 /* CoffeeBreakAppApp.swift */ = {isa = PBXFileReference; lastKnownFileType = sourcecode.swift; path = CoffeeBreakAppApp.swift; sourceTree = "<group>"; };
		5C163AA52686C0DD008C6D14 /* Assets.xcassets */ = {isa = PBXFileReference; lastKnownFileType = folder.assetcatalog; path = Assets.xcassets; sourceTree = "<group>"; };
		5C163AA82686C0DD008C6D14 /* Preview Assets.xcassets */ = {isa = PBXFileReference; lastKnownFileType = folder.assetcatalog; path = "Preview Assets.xcassets"; sourceTree = "<group>"; };
		5C163AAA2686C0DD008C6D14 /* Info.plist */ = {isa = PBXFileReference; lastKnownFileType = text.plist.xml; path = Info.plist; sourceTree = "<group>"; };
		5C163AB12686C190008C6D14 /* Authentication.swift */ = {isa = PBXFileReference; fileEncoding = 4; lastKnownFileType = sourcecode.swift; path = Authentication.swift; sourceTree = "<group>"; };
		5C163AB42686C190008C6D14 /* Credentials.swift */ = {isa = PBXFileReference; fileEncoding = 4; lastKnownFileType = sourcecode.swift; path = Credentials.swift; sourceTree = "<group>"; };
		5C163AB62686C190008C6D14 /* LoginViewModel.swift */ = {isa = PBXFileReference; fileEncoding = 4; lastKnownFileType = sourcecode.swift; path = LoginViewModel.swift; sourceTree = "<group>"; };
		5C163AB72686C190008C6D14 /* LoginView.swift */ = {isa = PBXFileReference; fileEncoding = 4; lastKnownFileType = sourcecode.swift; path = LoginView.swift; sourceTree = "<group>"; };
		5C163AB92686C190008C6D14 /* SignUpView.swift */ = {isa = PBXFileReference; fileEncoding = 4; lastKnownFileType = sourcecode.swift; path = SignUpView.swift; sourceTree = "<group>"; };
		5C163ABB2686C190008C6D14 /* APIService.swift */ = {isa = PBXFileReference; fileEncoding = 4; lastKnownFileType = sourcecode.swift; path = APIService.swift; sourceTree = "<group>"; };
		5C163ABC2686C190008C6D14 /* Extension.swift */ = {isa = PBXFileReference; fileEncoding = 4; lastKnownFileType = sourcecode.swift; path = Extension.swift; sourceTree = "<group>"; };
		5C163B222686C51B008C6D14 /* MeTabView.swift */ = {isa = PBXFileReference; fileEncoding = 4; lastKnownFileType = sourcecode.swift; path = MeTabView.swift; sourceTree = "<group>"; };
		5C163B282686C51B008C6D14 /* ViewOrder.swift */ = {isa = PBXFileReference; fileEncoding = 4; lastKnownFileType = sourcecode.swift; path = ViewOrder.swift; sourceTree = "<group>"; };
		5C163B292686C51B008C6D14 /* CreateOrder.swift */ = {isa = PBXFileReference; fileEncoding = 4; lastKnownFileType = sourcecode.swift; path = CreateOrder.swift; sourceTree = "<group>"; };
		5C163B2A2686C51B008C6D14 /* ActiveOrder.swift */ = {isa = PBXFileReference; fileEncoding = 4; lastKnownFileType = sourcecode.swift; path = ActiveOrder.swift; sourceTree = "<group>"; };
		5C163B2D2686C51B008C6D14 /* LandmarkAnnotation.swift */ = {isa = PBXFileReference; fileEncoding = 4; lastKnownFileType = sourcecode.swift; path = LandmarkAnnotation.swift; sourceTree = "<group>"; };
		5C163B2E2686C51B008C6D14 /* Landmark.swift */ = {isa = PBXFileReference; fileEncoding = 4; lastKnownFileType = sourcecode.swift; path = Landmark.swift; sourceTree = "<group>"; };
		5C163B2F2686C51B008C6D14 /* PlaceListView.swift */ = {isa = PBXFileReference; fileEncoding = 4; lastKnownFileType = sourcecode.swift; path = PlaceListView.swift; sourceTree = "<group>"; };
		5C163B302686C51B008C6D14 /* MapView.swift */ = {isa = PBXFileReference; fileEncoding = 4; lastKnownFileType = sourcecode.swift; path = MapView.swift; sourceTree = "<group>"; };
		5C163B322686C51B008C6D14 /* LocationManager.swift */ = {isa = PBXFileReference; fileEncoding = 4; lastKnownFileType = sourcecode.swift; path = LocationManager.swift; sourceTree = "<group>"; };
		5C163B332686C51B008C6D14 /* MapUserView.swift */ = {isa = PBXFileReference; fileEncoding = 4; lastKnownFileType = sourcecode.swift; path = MapUserView.swift; sourceTree = "<group>"; };
		5C163B342686C51B008C6D14 /* InactiveOrder.swift */ = {isa = PBXFileReference; fileEncoding = 4; lastKnownFileType = sourcecode.swift; path = InactiveOrder.swift; sourceTree = "<group>"; };
		5C163B352686C51B008C6D14 /* GroupOrderMain.swift */ = {isa = PBXFileReference; fileEncoding = 4; lastKnownFileType = sourcecode.swift; path = GroupOrderMain.swift; sourceTree = "<group>"; };
		5C163B382686C51B008C6D14 /* MyCoffeeTabView.swift */ = {isa = PBXFileReference; fileEncoding = 4; lastKnownFileType = sourcecode.swift; path = MyCoffeeTabView.swift; sourceTree = "<group>"; };
		5C163B392686C51B008C6D14 /* listOfCoffeeSection.swift */ = {isa = PBXFileReference; fileEncoding = 4; lastKnownFileType = sourcecode.swift; path = listOfCoffeeSection.swift; sourceTree = "<group>"; };
		5C163B3A2686C51B008C6D14 /* CreateNewDrinkBtnSection.swift */ = {isa = PBXFileReference; fileEncoding = 4; lastKnownFileType = sourcecode.swift; path = CreateNewDrinkBtnSection.swift; sourceTree = "<group>"; };
		5C163B3B2686C51B008C6D14 /* MainView.swift */ = {isa = PBXFileReference; fileEncoding = 4; lastKnownFileType = sourcecode.swift; path = MainView.swift; sourceTree = "<group>"; };
		5C163B3C2686C51B008C6D14 /* FriendRecentDrinkHScroll.swift */ = {isa = PBXFileReference; fileEncoding = 4; lastKnownFileType = sourcecode.swift; path = FriendRecentDrinkHScroll.swift; sourceTree = "<group>"; };
		5C163B542686C61A008C6D14 /* DataModel.swift */ = {isa = PBXFileReference; fileEncoding = 4; lastKnownFileType = sourcecode.swift; path = DataModel.swift; sourceTree = "<group>"; };
		5C163B582686C69C008C6D14 /* Models.swift */ = {isa = PBXFileReference; fileEncoding = 4; lastKnownFileType = sourcecode.swift; path = Models.swift; sourceTree = "<group>"; };
		5C163B5D268819CB008C6D14 /* SecureLevelView.swift */ = {isa = PBXFileReference; lastKnownFileType = sourcecode.swift; path = SecureLevelView.swift; sourceTree = "<group>"; };
		5C163B60268832D2008C6D14 /* DetailsView.swift */ = {isa = PBXFileReference; lastKnownFileType = sourcecode.swift; path = DetailsView.swift; sourceTree = "<group>"; };
		5C163B62268835F2008C6D14 /* ExtraDetailView.swift */ = {isa = PBXFileReference; lastKnownFileType = sourcecode.swift; path = ExtraDetailView.swift; sourceTree = "<group>"; };
		5C163B64268919E7008C6D14 /* NavigationBarModifier.swift */ = {isa = PBXFileReference; lastKnownFileType = sourcecode.swift; path = NavigationBarModifier.swift; sourceTree = "<group>"; };
		5C163B67268930BF008C6D14 /* AddDrinkOrder.swift */ = {isa = PBXFileReference; lastKnownFileType = sourcecode.swift; path = AddDrinkOrder.swift; sourceTree = "<group>"; };
		5C3E7134268D385400D07AA0 /* AddMembers.swift */ = {isa = PBXFileReference; lastKnownFileType = sourcecode.swift; path = AddMembers.swift; sourceTree = "<group>"; };
		CD2074EC26940389008223D0 /* Friending.swift */ = {isa = PBXFileReference; lastKnownFileType = sourcecode.swift; path = Friending.swift; sourceTree = "<group>"; };
		CD2074EE269403DB008223D0 /* FriendProfileView.swift */ = {isa = PBXFileReference; lastKnownFileType = sourcecode.swift; path = FriendProfileView.swift; sourceTree = "<group>"; };
		CD2074F026940415008223D0 /* profile.swift */ = {isa = PBXFileReference; lastKnownFileType = sourcecode.swift; path = profile.swift; sourceTree = "<group>"; };
		CD2074F226940443008223D0 /* FriendRowView.swift */ = {isa = PBXFileReference; lastKnownFileType = sourcecode.swift; path = FriendRowView.swift; sourceTree = "<group>"; };
		CD2074F426940464008223D0 /* Home.swift */ = {isa = PBXFileReference; lastKnownFileType = sourcecode.swift; path = Home.swift; sourceTree = "<group>"; };
		CD2074F6269404A9008223D0 /* CustomScrollViewApp.swift */ = {isa = PBXFileReference; lastKnownFileType = sourcecode.swift; path = CustomScrollViewApp.swift; sourceTree = "<group>"; };
		CD2074F8269404CE008223D0 /* FriendContentView.swift */ = {isa = PBXFileReference; lastKnownFileType = sourcecode.swift; path = FriendContentView.swift; sourceTree = "<group>"; };
/* End PBXFileReference section */

/* Begin PBXFrameworksBuildPhase section */
		5C163A9B2686C0DC008C6D14 /* Frameworks */ = {
			isa = PBXFrameworksBuildPhase;
			buildActionMask = 2147483647;
			files = (
			);
			runOnlyForDeploymentPostprocessing = 0;
		};
/* End PBXFrameworksBuildPhase section */

/* Begin PBXGroup section */
		5C163A952686C0DC008C6D14 = {
			isa = PBXGroup;
			children = (
				5C163AA02686C0DC008C6D14 /* CoffeeBreakApp */,
			);
			sourceTree = "<group>";
		};
		5C163A9F2686C0DC008C6D14 /* Products */ = {
			isa = PBXGroup;
			children = (
				5C163A9E2686C0DC008C6D14 /* CoffeeBreakApp.app */,
			);
			name = Products;
			path = ../..;
			sourceTree = "<group>";
		};
		5C163AA02686C0DC008C6D14 /* CoffeeBreakApp */ = {
			isa = PBXGroup;
			children = (
				5C163B542686C61A008C6D14 /* DataModel.swift */,
				5C163AB02686C190008C6D14 /* AppEntry */,
				5C163B1A2686C51B008C6D14 /* Coffee App */,
				5C163AAA2686C0DD008C6D14 /* Info.plist */,
				5C163AA52686C0DD008C6D14 /* Assets.xcassets */,
				5C163AA72686C0DD008C6D14 /* Preview Content */,
			);
			path = CoffeeBreakApp;
			sourceTree = "<group>";
		};
		5C163AA72686C0DD008C6D14 /* Preview Content */ = {
			isa = PBXGroup;
			children = (
				5C163AA82686C0DD008C6D14 /* Preview Assets.xcassets */,
				5C163A9F2686C0DC008C6D14 /* Products */,
			);
			path = "Preview Content";
			sourceTree = "<group>";
		};
		5C163AB02686C190008C6D14 /* AppEntry */ = {
			isa = PBXGroup;
			children = (
				5C163AB12686C190008C6D14 /* Authentication.swift */,
				5C163AA12686C0DC008C6D14 /* CoffeeBreakAppApp.swift */,
				5C163AB32686C190008C6D14 /* Model */,
				5C163AB52686C190008C6D14 /* Login */,
				5C163ABA2686C190008C6D14 /* Services */,
			);
			path = AppEntry;
			sourceTree = "<group>";
		};
		5C163AB32686C190008C6D14 /* Model */ = {
			isa = PBXGroup;
			children = (
				5C163AB42686C190008C6D14 /* Credentials.swift */,
			);
			path = Model;
			sourceTree = "<group>";
		};
		5C163AB52686C190008C6D14 /* Login */ = {
			isa = PBXGroup;
			children = (
				5C163AB62686C190008C6D14 /* LoginViewModel.swift */,
				5C163AB72686C190008C6D14 /* LoginView.swift */,
				5C163AB92686C190008C6D14 /* SignUpView.swift */,
				5C163B5D268819CB008C6D14 /* SecureLevelView.swift */,
			);
			path = Login;
			sourceTree = "<group>";
		};
		5C163ABA2686C190008C6D14 /* Services */ = {
			isa = PBXGroup;
			children = (
				5C163ABB2686C190008C6D14 /* APIService.swift */,
				5C163ABC2686C190008C6D14 /* Extension.swift */,
			);
			path = Services;
			sourceTree = "<group>";
		};
		5C163B1A2686C51B008C6D14 /* Coffee App */ = {
			isa = PBXGroup;
			children = (
				5C163B362686C51B008C6D14 /* MyCoffeeTab */,
				5C163B562686C69C008C6D14 /* DataModels */,
				5C163B212686C51B008C6D14 /* ProfileTab */,
				5C163B232686C51B008C6D14 /* FriendTab */,
				5C163B262686C51B008C6D14 /* GroupOrderTab */,
			);
			path = "Coffee App";
			sourceTree = "<group>";
		};
		5C163B212686C51B008C6D14 /* ProfileTab */ = {
			isa = PBXGroup;
			children = (
				5C163B222686C51B008C6D14 /* MeTabView.swift */,
			);
			path = ProfileTab;
			sourceTree = "<group>";
		};
		5C163B232686C51B008C6D14 /* FriendTab */ = {
			isa = PBXGroup;
			children = (
				CD2074F426940464008223D0 /* Home.swift */,
				CD2074F226940443008223D0 /* FriendRowView.swift */,
				CD2074F026940415008223D0 /* profile.swift */,
				CD2074F6269404A9008223D0 /* CustomScrollViewApp.swift */,
				CD2074F8269404CE008223D0 /* FriendContentView.swift */,
				CD2074EE269403DB008223D0 /* FriendProfileView.swift */,
				CD2074EB269402FA008223D0 /* FriendsTabModel */,
			);
			path = FriendTab;
			sourceTree = "<group>";
		};
		5C163B262686C51B008C6D14 /* GroupOrderTab */ = {
			isa = PBXGroup;
			children = (
				5C163B352686C51B008C6D14 /* GroupOrderMain.swift */,
				5C163B272686C51B008C6D14 /* SubviewsGroupTab */,
			);
			path = GroupOrderTab;
			sourceTree = "<group>";
		};
		5C163B272686C51B008C6D14 /* SubviewsGroupTab */ = {
			isa = PBXGroup;
			children = (
				5C3E7133268D16F700D07AA0 /* OrderLayoutViews */,
				5C163B6626893093008C6D14 /* AddDrinkView */,
				5C163B2B2686C51B008C6D14 /* MapViewComponents */,
			);
			path = SubviewsGroupTab;
			sourceTree = "<group>";
		};
		5C163B2B2686C51B008C6D14 /* MapViewComponents */ = {
			isa = PBXGroup;
			children = (
				5C163B332686C51B008C6D14 /* MapUserView.swift */,
				5C163B312686C51B008C6D14 /* LocationManager */,
				5C163B2C2686C51B008C6D14 /* Landmark */,
				5C163B2F2686C51B008C6D14 /* PlaceListView.swift */,
				5C163B302686C51B008C6D14 /* MapView.swift */,
			);
			path = MapViewComponents;
			sourceTree = "<group>";
		};
		5C163B2C2686C51B008C6D14 /* Landmark */ = {
			isa = PBXGroup;
			children = (
				5C163B2D2686C51B008C6D14 /* LandmarkAnnotation.swift */,
				5C163B2E2686C51B008C6D14 /* Landmark.swift */,
			);
			path = Landmark;
			sourceTree = "<group>";
		};
		5C163B312686C51B008C6D14 /* LocationManager */ = {
			isa = PBXGroup;
			children = (
				5C163B322686C51B008C6D14 /* LocationManager.swift */,
			);
			path = LocationManager;
			sourceTree = "<group>";
		};
		5C163B362686C51B008C6D14 /* MyCoffeeTab */ = {
			isa = PBXGroup;
			children = (
				5C163B3B2686C51B008C6D14 /* MainView.swift */,
				5C163B382686C51B008C6D14 /* MyCoffeeTabView.swift */,
				5C163B372686C51B008C6D14 /* SubviewCoffeeTab */,
				5C163B5F268832C0008C6D14 /* Details */,
				5C163B3A2686C51B008C6D14 /* CreateNewDrinkBtnSection.swift */,
				5C163B392686C51B008C6D14 /* listOfCoffeeSection.swift */,
			);
			path = MyCoffeeTab;
			sourceTree = "<group>";
		};
		5C163B372686C51B008C6D14 /* SubviewCoffeeTab */ = {
			isa = PBXGroup;
			children = (
				5C163B3C2686C51B008C6D14 /* FriendRecentDrinkHScroll.swift */,
			);
			path = SubviewCoffeeTab;
			sourceTree = "<group>";
		};
		5C163B562686C69C008C6D14 /* DataModels */ = {
			isa = PBXGroup;
			children = (
				5C163B582686C69C008C6D14 /* Models.swift */,
				5C163B64268919E7008C6D14 /* NavigationBarModifier.swift */,
			);
			path = DataModels;
			sourceTree = "<group>";
		};
		5C163B5F268832C0008C6D14 /* Details */ = {
			isa = PBXGroup;
			children = (
				5C163B60268832D2008C6D14 /* DetailsView.swift */,
				5C163B62268835F2008C6D14 /* ExtraDetailView.swift */,
			);
			path = Details;
			sourceTree = "<group>";
		};
		5C163B6626893093008C6D14 /* AddDrinkView */ = {
			isa = PBXGroup;
			children = (
				5C163B67268930BF008C6D14 /* AddDrinkOrder.swift */,
			);
			path = AddDrinkView;
			sourceTree = "<group>";
		};
		5C3E7133268D16F700D07AA0 /* OrderLayoutViews */ = {
			isa = PBXGroup;
			children = (
				5C163B282686C51B008C6D14 /* ViewOrder.swift */,
				5C163B2A2686C51B008C6D14 /* ActiveOrder.swift */,
				5C163B342686C51B008C6D14 /* InactiveOrder.swift */,
				5C163B292686C51B008C6D14 /* CreateOrder.swift */,
				5C3E7134268D385400D07AA0 /* AddMembers.swift */,
			);
			path = OrderLayoutViews;
			sourceTree = "<group>";
		};
		CD2074EB269402FA008223D0 /* FriendsTabModel */ = {
			isa = PBXGroup;
			children = (
				CD2074EC26940389008223D0 /* Friending.swift */,
			);
			path = FriendsTabModel;
			sourceTree = "<group>";
		};
/* End PBXGroup section */

/* Begin PBXNativeTarget section */
		5C163A9D2686C0DC008C6D14 /* CoffeeBreakApp */ = {
			isa = PBXNativeTarget;
			buildConfigurationList = 5C163AAD2686C0DD008C6D14 /* Build configuration list for PBXNativeTarget "CoffeeBreakApp" */;
			buildPhases = (
				5C163A9A2686C0DC008C6D14 /* Sources */,
				5C163A9B2686C0DC008C6D14 /* Frameworks */,
				5C163A9C2686C0DC008C6D14 /* Resources */,
			);
			buildRules = (
			);
			dependencies = (
			);
			name = CoffeeBreakApp;
			productName = CoffeeBreakApp;
			productReference = 5C163A9E2686C0DC008C6D14 /* CoffeeBreakApp.app */;
			productType = "com.apple.product-type.application";
		};
/* End PBXNativeTarget section */

/* Begin PBXProject section */
		5C163A962686C0DC008C6D14 /* Project object */ = {
			isa = PBXProject;
			attributes = {
				LastSwiftUpdateCheck = 1250;
				LastUpgradeCheck = 1250;
				TargetAttributes = {
					5C163A9D2686C0DC008C6D14 = {
						CreatedOnToolsVersion = 12.5;
					};
				};
			};
			buildConfigurationList = 5C163A992686C0DC008C6D14 /* Build configuration list for PBXProject "CoffeeBreakApp" */;
			compatibilityVersion = "Xcode 9.3";
			developmentRegion = en;
			hasScannedForEncodings = 0;
			knownRegions = (
				en,
				Base,
			);
			mainGroup = 5C163A952686C0DC008C6D14;
			productRefGroup = 5C163A9F2686C0DC008C6D14 /* Products */;
			projectDirPath = "";
			projectRoot = "";
			targets = (
				5C163A9D2686C0DC008C6D14 /* CoffeeBreakApp */,
			);
		};
/* End PBXProject section */

/* Begin PBXResourcesBuildPhase section */
		5C163A9C2686C0DC008C6D14 /* Resources */ = {
			isa = PBXResourcesBuildPhase;
			buildActionMask = 2147483647;
			files = (
				5C163AA92686C0DD008C6D14 /* Preview Assets.xcassets in Resources */,
				5C163AA62686C0DD008C6D14 /* Assets.xcassets in Resources */,
			);
			runOnlyForDeploymentPostprocessing = 0;
		};
/* End PBXResourcesBuildPhase section */

/* Begin PBXSourcesBuildPhase section */
		5C163A9A2686C0DC008C6D14 /* Sources */ = {
			isa = PBXSourcesBuildPhase;
			buildActionMask = 2147483647;
			files = (
				5C163B4E2686C51B008C6D14 /* GroupOrderMain.swift in Sources */,
				5C163B442686C51B008C6D14 /* ViewOrder.swift in Sources */,
				CD2074F9269404CE008223D0 /* FriendContentView.swift in Sources */,
				5C163B502686C51B008C6D14 /* listOfCoffeeSection.swift in Sources */,
				5C163B68268930BF008C6D14 /* AddDrinkOrder.swift in Sources */,
				5C163AC12686C190008C6D14 /* LoginView.swift in Sources */,
				5C163B412686C51B008C6D14 /* MeTabView.swift in Sources */,
				5C163AA22686C0DC008C6D14 /* CoffeeBreakAppApp.swift in Sources */,
				CD2074F126940415008223D0 /* profile.swift in Sources */,
				5C163AC52686C190008C6D14 /* Extension.swift in Sources */,
				5C163B4A2686C51B008C6D14 /* MapView.swift in Sources */,
				5C163B5A2686C69C008C6D14 /* Models.swift in Sources */,
				5C163AC02686C190008C6D14 /* LoginViewModel.swift in Sources */,
				5C163B65268919E7008C6D14 /* NavigationBarModifier.swift in Sources */,
				5C163B4F2686C51B008C6D14 /* MyCoffeeTabView.swift in Sources */,
				5C163B462686C51B008C6D14 /* ActiveOrder.swift in Sources */,
				CD2074ED26940389008223D0 /* Friending.swift in Sources */,
				5C163B4C2686C51B008C6D14 /* MapUserView.swift in Sources */,
				5C163B472686C51B008C6D14 /* LandmarkAnnotation.swift in Sources */,
				CD2074F326940443008223D0 /* FriendRowView.swift in Sources */,
				5C163ABF2686C190008C6D14 /* Credentials.swift in Sources */,
				5C163B5E268819CB008C6D14 /* SecureLevelView.swift in Sources */,
				CD2074F526940464008223D0 /* Home.swift in Sources */,
				5C163B482686C51B008C6D14 /* Landmark.swift in Sources */,
				CD2074F7269404A9008223D0 /* CustomScrollViewApp.swift in Sources */,
				5C163B61268832D2008C6D14 /* DetailsView.swift in Sources */,
				5C163B532686C51B008C6D14 /* FriendRecentDrinkHScroll.swift in Sources */,
				5C163B4D2686C51B008C6D14 /* InactiveOrder.swift in Sources */,
				5C163B63268835F2008C6D14 /* ExtraDetailView.swift in Sources */,
				5C163AC42686C190008C6D14 /* APIService.swift in Sources */,
				5C163B492686C51B008C6D14 /* PlaceListView.swift in Sources */,
				5C3E7135268D385400D07AA0 /* AddMembers.swift in Sources */,
				5C163B552686C61A008C6D14 /* DataModel.swift in Sources */,
				5C163B512686C51B008C6D14 /* CreateNewDrinkBtnSection.swift in Sources */,
				5C163B452686C51B008C6D14 /* CreateOrder.swift in Sources */,
				5C163B4B2686C51B008C6D14 /* LocationManager.swift in Sources */,
				CD2074EF269403DB008223D0 /* FriendProfileView.swift in Sources */,
				5C163AC32686C190008C6D14 /* SignUpView.swift in Sources */,
				5C163B522686C51B008C6D14 /* MainView.swift in Sources */,
				5C163ABD2686C190008C6D14 /* Authentication.swift in Sources */,
			);
			runOnlyForDeploymentPostprocessing = 0;
		};
/* End PBXSourcesBuildPhase section */

/* Begin XCBuildConfiguration section */
		5C163AAB2686C0DD008C6D14 /* Debug */ = {
			isa = XCBuildConfiguration;
			buildSettings = {
				ALWAYS_SEARCH_USER_PATHS = NO;
				CLANG_ANALYZER_NONNULL = YES;
				CLANG_ANALYZER_NUMBER_OBJECT_CONVERSION = YES_AGGRESSIVE;
				CLANG_CXX_LANGUAGE_STANDARD = "gnu++14";
				CLANG_CXX_LIBRARY = "libc++";
				CLANG_ENABLE_MODULES = YES;
				CLANG_ENABLE_OBJC_ARC = YES;
				CLANG_ENABLE_OBJC_WEAK = YES;
				CLANG_WARN_BLOCK_CAPTURE_AUTORELEASING = YES;
				CLANG_WARN_BOOL_CONVERSION = YES;
				CLANG_WARN_COMMA = YES;
				CLANG_WARN_CONSTANT_CONVERSION = YES;
				CLANG_WARN_DEPRECATED_OBJC_IMPLEMENTATIONS = YES;
				CLANG_WARN_DIRECT_OBJC_ISA_USAGE = YES_ERROR;
				CLANG_WARN_DOCUMENTATION_COMMENTS = YES;
				CLANG_WARN_EMPTY_BODY = YES;
				CLANG_WARN_ENUM_CONVERSION = YES;
				CLANG_WARN_INFINITE_RECURSION = YES;
				CLANG_WARN_INT_CONVERSION = YES;
				CLANG_WARN_NON_LITERAL_NULL_CONVERSION = YES;
				CLANG_WARN_OBJC_IMPLICIT_RETAIN_SELF = YES;
				CLANG_WARN_OBJC_LITERAL_CONVERSION = YES;
				CLANG_WARN_OBJC_ROOT_CLASS = YES_ERROR;
				CLANG_WARN_QUOTED_INCLUDE_IN_FRAMEWORK_HEADER = YES;
				CLANG_WARN_RANGE_LOOP_ANALYSIS = YES;
				CLANG_WARN_STRICT_PROTOTYPES = YES;
				CLANG_WARN_SUSPICIOUS_MOVE = YES;
				CLANG_WARN_UNGUARDED_AVAILABILITY = YES_AGGRESSIVE;
				CLANG_WARN_UNREACHABLE_CODE = YES;
				CLANG_WARN__DUPLICATE_METHOD_MATCH = YES;
				COPY_PHASE_STRIP = NO;
				DEBUG_INFORMATION_FORMAT = dwarf;
				ENABLE_STRICT_OBJC_MSGSEND = YES;
				ENABLE_TESTABILITY = YES;
				GCC_C_LANGUAGE_STANDARD = gnu11;
				GCC_DYNAMIC_NO_PIC = NO;
				GCC_NO_COMMON_BLOCKS = YES;
				GCC_OPTIMIZATION_LEVEL = 0;
				GCC_PREPROCESSOR_DEFINITIONS = (
					"DEBUG=1",
					"$(inherited)",
				);
				GCC_WARN_64_TO_32_BIT_CONVERSION = YES;
				GCC_WARN_ABOUT_RETURN_TYPE = YES_ERROR;
				GCC_WARN_UNDECLARED_SELECTOR = YES;
				GCC_WARN_UNINITIALIZED_AUTOS = YES_AGGRESSIVE;
				GCC_WARN_UNUSED_FUNCTION = YES;
				GCC_WARN_UNUSED_VARIABLE = YES;
				IPHONEOS_DEPLOYMENT_TARGET = 14.5;
				MTL_ENABLE_DEBUG_INFO = INCLUDE_SOURCE;
				MTL_FAST_MATH = YES;
				ONLY_ACTIVE_ARCH = YES;
				SDKROOT = iphoneos;
				SWIFT_ACTIVE_COMPILATION_CONDITIONS = DEBUG;
				SWIFT_OPTIMIZATION_LEVEL = "-Onone";
			};
			name = Debug;
		};
		5C163AAC2686C0DD008C6D14 /* Release */ = {
			isa = XCBuildConfiguration;
			buildSettings = {
				ALWAYS_SEARCH_USER_PATHS = NO;
				CLANG_ANALYZER_NONNULL = YES;
				CLANG_ANALYZER_NUMBER_OBJECT_CONVERSION = YES_AGGRESSIVE;
				CLANG_CXX_LANGUAGE_STANDARD = "gnu++14";
				CLANG_CXX_LIBRARY = "libc++";
				CLANG_ENABLE_MODULES = YES;
				CLANG_ENABLE_OBJC_ARC = YES;
				CLANG_ENABLE_OBJC_WEAK = YES;
				CLANG_WARN_BLOCK_CAPTURE_AUTORELEASING = YES;
				CLANG_WARN_BOOL_CONVERSION = YES;
				CLANG_WARN_COMMA = YES;
				CLANG_WARN_CONSTANT_CONVERSION = YES;
				CLANG_WARN_DEPRECATED_OBJC_IMPLEMENTATIONS = YES;
				CLANG_WARN_DIRECT_OBJC_ISA_USAGE = YES_ERROR;
				CLANG_WARN_DOCUMENTATION_COMMENTS = YES;
				CLANG_WARN_EMPTY_BODY = YES;
				CLANG_WARN_ENUM_CONVERSION = YES;
				CLANG_WARN_INFINITE_RECURSION = YES;
				CLANG_WARN_INT_CONVERSION = YES;
				CLANG_WARN_NON_LITERAL_NULL_CONVERSION = YES;
				CLANG_WARN_OBJC_IMPLICIT_RETAIN_SELF = YES;
				CLANG_WARN_OBJC_LITERAL_CONVERSION = YES;
				CLANG_WARN_OBJC_ROOT_CLASS = YES_ERROR;
				CLANG_WARN_QUOTED_INCLUDE_IN_FRAMEWORK_HEADER = YES;
				CLANG_WARN_RANGE_LOOP_ANALYSIS = YES;
				CLANG_WARN_STRICT_PROTOTYPES = YES;
				CLANG_WARN_SUSPICIOUS_MOVE = YES;
				CLANG_WARN_UNGUARDED_AVAILABILITY = YES_AGGRESSIVE;
				CLANG_WARN_UNREACHABLE_CODE = YES;
				CLANG_WARN__DUPLICATE_METHOD_MATCH = YES;
				COPY_PHASE_STRIP = NO;
				DEBUG_INFORMATION_FORMAT = "dwarf-with-dsym";
				ENABLE_NS_ASSERTIONS = NO;
				ENABLE_STRICT_OBJC_MSGSEND = YES;
				GCC_C_LANGUAGE_STANDARD = gnu11;
				GCC_NO_COMMON_BLOCKS = YES;
				GCC_WARN_64_TO_32_BIT_CONVERSION = YES;
				GCC_WARN_ABOUT_RETURN_TYPE = YES_ERROR;
				GCC_WARN_UNDECLARED_SELECTOR = YES;
				GCC_WARN_UNINITIALIZED_AUTOS = YES_AGGRESSIVE;
				GCC_WARN_UNUSED_FUNCTION = YES;
				GCC_WARN_UNUSED_VARIABLE = YES;
				IPHONEOS_DEPLOYMENT_TARGET = 14.5;
				MTL_ENABLE_DEBUG_INFO = NO;
				MTL_FAST_MATH = YES;
				SDKROOT = iphoneos;
				SWIFT_COMPILATION_MODE = wholemodule;
				SWIFT_OPTIMIZATION_LEVEL = "-O";
				VALIDATE_PRODUCT = YES;
			};
			name = Release;
		};
		5C163AAE2686C0DD008C6D14 /* Debug */ = {
			isa = XCBuildConfiguration;
			buildSettings = {
				ASSETCATALOG_COMPILER_GLOBAL_ACCENT_COLOR_NAME = AccentColor;
				CODE_SIGN_IDENTITY = "Apple Development";
				CODE_SIGN_STYLE = Automatic;
				DEVELOPMENT_ASSET_PATHS = "\"CoffeeBreakApp/Preview Content\"";
				DEVELOPMENT_TEAM = 97BFD5BKGV;
				ENABLE_PREVIEWS = YES;
				INFOPLIST_FILE = CoffeeBreakApp/Info.plist;
				IPHONEOS_DEPLOYMENT_TARGET = 14.0;
				LD_RUNPATH_SEARCH_PATHS = (
					"$(inherited)",
					"@executable_path/Frameworks",
				);
				PRODUCT_BUNDLE_IDENTIFIER = Official.CoffeeBreakApp;
				PRODUCT_NAME = "$(TARGET_NAME)";
				PROVISIONING_PROFILE_SPECIFIER = "";
				SWIFT_VERSION = 5.0;
				TARGETED_DEVICE_FAMILY = "1,2";
			};
			name = Debug;
		};
		5C163AAF2686C0DD008C6D14 /* Release */ = {
			isa = XCBuildConfiguration;
			buildSettings = {
				ASSETCATALOG_COMPILER_GLOBAL_ACCENT_COLOR_NAME = AccentColor;
				CODE_SIGN_IDENTITY = "Apple Development";
				CODE_SIGN_STYLE = Automatic;
				DEVELOPMENT_ASSET_PATHS = "\"CoffeeBreakApp/Preview Content\"";
				DEVELOPMENT_TEAM = 97BFD5BKGV;
				ENABLE_PREVIEWS = YES;
				INFOPLIST_FILE = CoffeeBreakApp/Info.plist;
				IPHONEOS_DEPLOYMENT_TARGET = 14.0;
				LD_RUNPATH_SEARCH_PATHS = (
					"$(inherited)",
					"@executable_path/Frameworks",
				);
				PRODUCT_BUNDLE_IDENTIFIER = Official.CoffeeBreakApp;
				PRODUCT_NAME = "$(TARGET_NAME)";
				PROVISIONING_PROFILE_SPECIFIER = "";
				SWIFT_VERSION = 5.0;
				TARGETED_DEVICE_FAMILY = "1,2";
			};
			name = Release;
		};
/* End XCBuildConfiguration section */

/* Begin XCConfigurationList section */
		5C163A992686C0DC008C6D14 /* Build configuration list for PBXProject "CoffeeBreakApp" */ = {
			isa = XCConfigurationList;
			buildConfigurations = (
				5C163AAB2686C0DD008C6D14 /* Debug */,
				5C163AAC2686C0DD008C6D14 /* Release */,
			);
			defaultConfigurationIsVisible = 0;
			defaultConfigurationName = Release;
		};
		5C163AAD2686C0DD008C6D14 /* Build configuration list for PBXNativeTarget "CoffeeBreakApp" */ = {
			isa = XCConfigurationList;
			buildConfigurations = (
				5C163AAE2686C0DD008C6D14 /* Debug */,
				5C163AAF2686C0DD008C6D14 /* Release */,
			);
			defaultConfigurationIsVisible = 0;
			defaultConfigurationName = Release;
		};
/* End XCConfigurationList section */
	};
	rootObject = 5C163A962686C0DC008C6D14 /* Project object */;
}
